
Microsoft Visual Studio Solution File, Format Version 12.00
# Visual Studio Version 16
VisualStudioVersion = 16.0.31025.194
MinimumVisualStudioVersion = 10.0.40219.1
Project("{FAE04EC0-301F-11D3-BF4B-00C04F79EFBC}") = "20_BĐMinhDVLongNTLong_LTNET", "20_BĐMinhDVLongNTLong_LTNET\20_BĐMinhDVLongNTLong_LTNET.csproj", "{12AC7462-BD21-4BA9-A6E0-2C69E40D66E9}"
EndProject
Global
	GlobalSection(SolutionConfigurationPlatforms) = preSolution
		Debug|Any CPU = Debug|Any CPU
		Release|Any CPU = Release|Any CPU
	EndGlobalSection
	GlobalSection(ProjectConfigurationPlatforms) = postSolution
		{12AC7462-BD21-4BA9-A6E0-2C69E40D66E9}.Debug|Any CPU.ActiveCfg = Debug|Any CPU
		{12AC7462-BD21-4BA9-A6E0-2C69E40D66E9}.Debug|Any CPU.Build.0 = Debug|Any CPU
		{12AC7462-BD21-4BA9-A6E0-2C69E40D66E9}.Release|Any CPU.ActiveCfg = Release|Any CPU
		{12AC7462-BD21-4BA9-A6E0-2C69E40D66E9}.Release|Any CPU.Build.0 = Release|Any CPU
	EndGlobalSection
	GlobalSection(SolutionProperties) = preSolution
		HideSolutionNode = FALSE
	EndGlobalSection
	GlobalSection(ExtensibilityGlobals) = postSolution
		SolutionGuid = {8F870CA5-9FBB-447A-BA7A-592334722658}
	EndGlobalSection
EndGlobal
